// !$*UTF8*$!
{
	archiveVersion = 1;
	classes = {
	};
	objectVersion = 46;
	objects = {

/* Begin PBXBuildFile section */
		8B2554AA1A80564600DDA2B2 /* TwitterDemoTests.m in Sources */ = {isa = PBXBuildFile; fileRef = 8B2554A91A80564600DDA2B2 /* TwitterDemoTests.m */; };
		8B25550A1A86AD6D00DDA2B2 /* TweetCell.m in Sources */ = {isa = PBXBuildFile; fileRef = 8B2555081A86AD6D00DDA2B2 /* TweetCell.m */; };
		8B25550B1A86AD6D00DDA2B2 /* TweetCell.xib in Resources */ = {isa = PBXBuildFile; fileRef = 8B2555091A86AD6D00DDA2B2 /* TweetCell.xib */; };
		8B25550F1A86DBD300DDA2B2 /* ComposeViewController.m in Sources */ = {isa = PBXBuildFile; fileRef = 8B25550D1A86DBD300DDA2B2 /* ComposeViewController.m */; };
		8B2555101A86DBD300DDA2B2 /* ComposeViewController.xib in Resources */ = {isa = PBXBuildFile; fileRef = 8B25550E1A86DBD300DDA2B2 /* ComposeViewController.xib */; };
		B320A6BCD44831EADC5FCF7F /* libPods.a in Frameworks */ = {isa = PBXBuildFile; fileRef = 059A7CCC197C809A6D116295 /* libPods.a */; };
		D527A060275C09B4A49476BE /* main.m in Sources */ = {isa = PBXBuildFile; fileRef = D527A980A7B5312B856E35F9 /* main.m */; };
		D527A21E3FA45023FF334E7B /* Tweet.m in Sources */ = {isa = PBXBuildFile; fileRef = D527AB1DF17231ABACC58488 /* Tweet.m */; };
		D527A350DB25141A16F93DBE /* TweetsViewController.m in Sources */ = {isa = PBXBuildFile; fileRef = D527A31796989F84E2EC025C /* TweetsViewController.m */; };
		D527A4540CCF1BB629C2A8C3 /* TwitterClient.m in Sources */ = {isa = PBXBuildFile; fileRef = D527AF3BBA4CFC3D8E39D8D8 /* TwitterClient.m */; };
		D527A66CCF8BACBDE84CF47A /* LoginViewController.m in Sources */ = {isa = PBXBuildFile; fileRef = D527A37C8755BE5EAC1BE24E /* LoginViewController.m */; };
		D527A8D0995CE920EFCF6756 /* Images.xcassets in Resources */ = {isa = PBXBuildFile; fileRef = D527A9967BF2AD62D81865D1 /* Images.xcassets */; };
		D527AA93C0747BBD6791D31F /* User.m in Sources */ = {isa = PBXBuildFile; fileRef = D527AEEAC05DC8A5D846451A /* User.m */; };
		D527AAD3228E8D027D5B5811 /* LoginViewController.xib in Resources */ = {isa = PBXBuildFile; fileRef = D527AE0FC6CE5454E164E43B /* LoginViewController.xib */; };
		D527ACE38AB6BBE1D0ABAF2E /* AppDelegate.m in Sources */ = {isa = PBXBuildFile; fileRef = D527A4C7CF7CA79800B1EEEA /* AppDelegate.m */; };
		D527AE9224A12694833E297F /* LaunchScreen.xib in Resources */ = {isa = PBXBuildFile; fileRef = D527A8E36F0896F05909F1B0 /* LaunchScreen.xib */; };
		D527AF9FF8C02F7A4C39EE82 /* TweetsViewController.xib in Resources */ = {isa = PBXBuildFile; fileRef = D527A518C91DCC724E9F9405 /* TweetsViewController.xib */; };
/* End PBXBuildFile section */

/* Begin PBXContainerItemProxy section */
		8B2554A41A80564600DDA2B2 /* PBXContainerItemProxy */ = {
			isa = PBXContainerItemProxy;
			containerPortal = 8B2554821A80564600DDA2B2 /* Project object */;
			proxyType = 1;
			remoteGlobalIDString = 8B2554891A80564600DDA2B2;
			remoteInfo = TwitterDemo;
		};
/* End PBXContainerItemProxy section */

/* Begin PBXFileReference section */
		059A7CCC197C809A6D116295 /* libPods.a */ = {isa = PBXFileReference; explicitFileType = archive.ar; includeInIndex = 0; path = libPods.a; sourceTree = BUILT_PRODUCTS_DIR; };
		8B25548A1A80564600DDA2B2 /* TwitterDemo.app */ = {isa = PBXFileReference; explicitFileType = wrapper.application; includeInIndex = 0; path = TwitterDemo.app; sourceTree = BUILT_PRODUCTS_DIR; };
		8B2554A31A80564600DDA2B2 /* TwitterDemoTests.xctest */ = {isa = PBXFileReference; explicitFileType = wrapper.cfbundle; includeInIndex = 0; path = TwitterDemoTests.xctest; sourceTree = BUILT_PRODUCTS_DIR; };
		8B2554A81A80564600DDA2B2 /* Info.plist */ = {isa = PBXFileReference; lastKnownFileType = text.plist.xml; path = Info.plist; sourceTree = "<group>"; };
		8B2554A91A80564600DDA2B2 /* TwitterDemoTests.m */ = {isa = PBXFileReference; lastKnownFileType = sourcecode.c.objc; path = TwitterDemoTests.m; sourceTree = "<group>"; };
		8B2555071A86AD6D00DDA2B2 /* TweetCell.h */ = {isa = PBXFileReference; fileEncoding = 4; lastKnownFileType = sourcecode.c.h; path = TweetCell.h; sourceTree = "<group>"; };
		8B2555081A86AD6D00DDA2B2 /* TweetCell.m */ = {isa = PBXFileReference; fileEncoding = 4; lastKnownFileType = sourcecode.c.objc; path = TweetCell.m; sourceTree = "<group>"; };
		8B2555091A86AD6D00DDA2B2 /* TweetCell.xib */ = {isa = PBXFileReference; fileEncoding = 4; lastKnownFileType = file.xib; path = TweetCell.xib; sourceTree = "<group>"; };
		8B25550C1A86DBD300DDA2B2 /* ComposeViewController.h */ = {isa = PBXFileReference; fileEncoding = 4; lastKnownFileType = sourcecode.c.h; path = ComposeViewController.h; sourceTree = "<group>"; };
		8B25550D1A86DBD300DDA2B2 /* ComposeViewController.m */ = {isa = PBXFileReference; fileEncoding = 4; lastKnownFileType = sourcecode.c.objc; path = ComposeViewController.m; sourceTree = "<group>"; };
		8B25550E1A86DBD300DDA2B2 /* ComposeViewController.xib */ = {isa = PBXFileReference; fileEncoding = 4; lastKnownFileType = file.xib; path = ComposeViewController.xib; sourceTree = "<group>"; };
		A7D18626C6FC86FA99F0B58E /* Pods.debug.xcconfig */ = {isa = PBXFileReference; includeInIndex = 1; lastKnownFileType = text.xcconfig; name = Pods.debug.xcconfig; path = "Pods/Target Support Files/Pods/Pods.debug.xcconfig"; sourceTree = "<group>"; };
		AD045E7F966EB682E4279904 /* Pods.release.xcconfig */ = {isa = PBXFileReference; includeInIndex = 1; lastKnownFileType = text.xcconfig; name = Pods.release.xcconfig; path = "Pods/Target Support Files/Pods/Pods.release.xcconfig"; sourceTree = "<group>"; };
		D527A092494108F19C66C64B /* Base */ = {isa = PBXFileReference; lastKnownFileType = file.xib; name = Base; path = Base.lproj/LaunchScreen.xib; sourceTree = "<group>"; };
		D527A12CC181B89E3C38D375 /* Tweet.h */ = {isa = PBXFileReference; fileEncoding = 4; lastKnownFileType = sourcecode.c.h; path = Tweet.h; sourceTree = "<group>"; };
		D527A1E5321DCB9680A4AB37 /* Info.plist */ = {isa = PBXFileReference; fileEncoding = 4; lastKnownFileType = text.plist.info; path = Info.plist; sourceTree = "<group>"; };
		D527A31796989F84E2EC025C /* TweetsViewController.m */ = {isa = PBXFileReference; fileEncoding = 4; lastKnownFileType = sourcecode.c.objc; path = TweetsViewController.m; sourceTree = "<group>"; };
		D527A37C8755BE5EAC1BE24E /* LoginViewController.m */ = {isa = PBXFileReference; fileEncoding = 4; lastKnownFileType = sourcecode.c.objc; path = LoginViewController.m; sourceTree = "<group>"; };
		D527A40810588AD03900C9F7 /* LoginViewController.h */ = {isa = PBXFileReference; fileEncoding = 4; lastKnownFileType = sourcecode.c.h; path = LoginViewController.h; sourceTree = "<group>"; };
		D527A4C7CF7CA79800B1EEEA /* AppDelegate.m */ = {isa = PBXFileReference; fileEncoding = 4; lastKnownFileType = sourcecode.c.objc; path = AppDelegate.m; sourceTree = "<group>"; };
		D527A518C91DCC724E9F9405 /* TweetsViewController.xib */ = {isa = PBXFileReference; lastKnownFileType = file.xib; path = TweetsViewController.xib; sourceTree = "<group>"; };
		D527A6F9F03A3BEEAB9C1971 /* AppDelegate.h */ = {isa = PBXFileReference; fileEncoding = 4; lastKnownFileType = sourcecode.c.h; path = AppDelegate.h; sourceTree = "<group>"; };
		D527A980A7B5312B856E35F9 /* main.m */ = {isa = PBXFileReference; fileEncoding = 4; lastKnownFileType = sourcecode.c.objc; path = main.m; sourceTree = "<group>"; };
		D527A9967BF2AD62D81865D1 /* Images.xcassets */ = {isa = PBXFileReference; lastKnownFileType = folder.assetcatalog; path = Images.xcassets; sourceTree = "<group>"; };
		D527A9B4E690F0A73AAA883A /* TwitterClient.h */ = {isa = PBXFileReference; fileEncoding = 4; lastKnownFileType = sourcecode.c.h; path = TwitterClient.h; sourceTree = "<group>"; };
		D527AAE35472DB0835F65541 /* User.h */ = {isa = PBXFileReference; fileEncoding = 4; lastKnownFileType = sourcecode.c.h; path = User.h; sourceTree = "<group>"; };
		D527AB1DF17231ABACC58488 /* Tweet.m */ = {isa = PBXFileReference; fileEncoding = 4; lastKnownFileType = sourcecode.c.objc; path = Tweet.m; sourceTree = "<group>"; };
		D527AD0B17233F36CCC2F1EA /* TweetsViewController.h */ = {isa = PBXFileReference; fileEncoding = 4; lastKnownFileType = sourcecode.c.h; path = TweetsViewController.h; sourceTree = "<group>"; };
		D527AE0FC6CE5454E164E43B /* LoginViewController.xib */ = {isa = PBXFileReference; lastKnownFileType = file.xib; path = LoginViewController.xib; sourceTree = "<group>"; };
		D527AEEAC05DC8A5D846451A /* User.m */ = {isa = PBXFileReference; fileEncoding = 4; lastKnownFileType = sourcecode.c.objc; path = User.m; sourceTree = "<group>"; };
		D527AF3BBA4CFC3D8E39D8D8 /* TwitterClient.m */ = {isa = PBXFileReference; fileEncoding = 4; lastKnownFileType = sourcecode.c.objc; path = TwitterClient.m; sourceTree = "<group>"; };
/* End PBXFileReference section */

/* Begin PBXFrameworksBuildPhase section */
		8B2554871A80564600DDA2B2 /* Frameworks */ = {
			isa = PBXFrameworksBuildPhase;
			buildActionMask = 2147483647;
			files = (
				B320A6BCD44831EADC5FCF7F /* libPods.a in Frameworks */,
			);
			runOnlyForDeploymentPostprocessing = 0;
		};
		8B2554A01A80564600DDA2B2 /* Frameworks */ = {
			isa = PBXFrameworksBuildPhase;
			buildActionMask = 2147483647;
			files = (
			);
			runOnlyForDeploymentPostprocessing = 0;
		};
/* End PBXFrameworksBuildPhase section */

/* Begin PBXGroup section */
		5E88D094486B50C644E3745F /* Frameworks */ = {
			isa = PBXGroup;
			children = (
				059A7CCC197C809A6D116295 /* libPods.a */,
			);
			name = Frameworks;
			sourceTree = "<group>";
		};
		8B2554811A80564600DDA2B2 = {
			isa = PBXGroup;
			children = (
				8B2554A61A80564600DDA2B2 /* TwitterDemoTests */,
				8B25548B1A80564600DDA2B2 /* Products */,
				B74C87C4D458212242BFAD02 /* Pods */,
				5E88D094486B50C644E3745F /* Frameworks */,
				D527ACB9F8D8600B3B9CFFF9 /* TwitterDemo */,
			);
			sourceTree = "<group>";
		};
		8B25548B1A80564600DDA2B2 /* Products */ = {
			isa = PBXGroup;
			children = (
				8B25548A1A80564600DDA2B2 /* TwitterDemo.app */,
				8B2554A31A80564600DDA2B2 /* TwitterDemoTests.xctest */,
			);
			name = Products;
			sourceTree = "<group>";
		};
		8B2554A61A80564600DDA2B2 /* TwitterDemoTests */ = {
			isa = PBXGroup;
			children = (
				8B2554A91A80564600DDA2B2 /* TwitterDemoTests.m */,
				8B2554A71A80564600DDA2B2 /* Supporting Files */,
			);
			path = TwitterDemoTests;
			sourceTree = "<group>";
		};
		8B2554A71A80564600DDA2B2 /* Supporting Files */ = {
			isa = PBXGroup;
			children = (
				8B2554A81A80564600DDA2B2 /* Info.plist */,
			);
			name = "Supporting Files";
			sourceTree = "<group>";
		};
		B74C87C4D458212242BFAD02 /* Pods */ = {
			isa = PBXGroup;
			children = (
				A7D18626C6FC86FA99F0B58E /* Pods.debug.xcconfig */,
				AD045E7F966EB682E4279904 /* Pods.release.xcconfig */,
			);
			name = Pods;
			sourceTree = "<group>";
		};
		D527A47F0BA544CADEC1247C /* Views */ = {
			isa = PBXGroup;
			children = (
				8B2555071A86AD6D00DDA2B2 /* TweetCell.h */,
				8B2555081A86AD6D00DDA2B2 /* TweetCell.m */,
				8B2555091A86AD6D00DDA2B2 /* TweetCell.xib */,
			);
			name = Views;
			sourceTree = "<group>";
		};
		D527A6AB2825CD554065B132 /* Supporting Files */ = {
			isa = PBXGroup;
			children = (
				D527A1E5321DCB9680A4AB37 /* Info.plist */,
				D527A980A7B5312B856E35F9 /* main.m */,
			);
			name = "Supporting Files";
			sourceTree = "<group>";
		};
		D527A89322AF9A6635422EF5 /* Models */ = {
			isa = PBXGroup;
			children = (
				D527AB1DF17231ABACC58488 /* Tweet.m */,
				D527A12CC181B89E3C38D375 /* Tweet.h */,
				D527AEEAC05DC8A5D846451A /* User.m */,
				D527AAE35472DB0835F65541 /* User.h */,
			);
			path = Models;
			sourceTree = "<group>";
		};
		D527ACB9F8D8600B3B9CFFF9 /* TwitterDemo */ = {
			isa = PBXGroup;
			children = (
				D527A47F0BA544CADEC1247C /* Views */,
				D527A6F9F03A3BEEAB9C1971 /* AppDelegate.h */,
				D527A4C7CF7CA79800B1EEEA /* AppDelegate.m */,
				D527A9967BF2AD62D81865D1 /* Images.xcassets */,
				D527A8E36F0896F05909F1B0 /* LaunchScreen.xib */,
				D527A6AB2825CD554065B132 /* Supporting Files */,
				D527A40810588AD03900C9F7 /* LoginViewController.h */,
				D527A37C8755BE5EAC1BE24E /* LoginViewController.m */,
				D527AE0FC6CE5454E164E43B /* LoginViewController.xib */,
				D527A9B4E690F0A73AAA883A /* TwitterClient.h */,
				D527AF3BBA4CFC3D8E39D8D8 /* TwitterClient.m */,
				D527A89322AF9A6635422EF5 /* Models */,
				D527AD0B17233F36CCC2F1EA /* TweetsViewController.h */,
				D527A31796989F84E2EC025C /* TweetsViewController.m */,
				D527A518C91DCC724E9F9405 /* TweetsViewController.xib */,
				8B25550C1A86DBD300DDA2B2 /* ComposeViewController.h */,
				8B25550D1A86DBD300DDA2B2 /* ComposeViewController.m */,
				8B25550E1A86DBD300DDA2B2 /* ComposeViewController.xib */,
			);
			path = TwitterDemo;
			sourceTree = "<group>";
		};
/* End PBXGroup section */

/* Begin PBXNativeTarget section */
		8B2554891A80564600DDA2B2 /* TwitterDemo */ = {
			isa = PBXNativeTarget;
			buildConfigurationList = 8B2554AD1A80564600DDA2B2 /* Build configuration list for PBXNativeTarget "TwitterDemo" */;
			buildPhases = (
				B06CC69271FFDFCDAD473959 /* Check Pods Manifest.lock */,
				8B2554861A80564600DDA2B2 /* Sources */,
				8B2554871A80564600DDA2B2 /* Frameworks */,
				8B2554881A80564600DDA2B2 /* Resources */,
				06E4D58B41779D01573ABA37 /* Copy Pods Resources */,
			);
			buildRules = (
			);
			dependencies = (
			);
			name = TwitterDemo;
			productName = TwitterDemo;
			productReference = 8B25548A1A80564600DDA2B2 /* TwitterDemo.app */;
			productType = "com.apple.product-type.application";
		};
		8B2554A21A80564600DDA2B2 /* TwitterDemoTests */ = {
			isa = PBXNativeTarget;
			buildConfigurationList = 8B2554B01A80564600DDA2B2 /* Build configuration list for PBXNativeTarget "TwitterDemoTests" */;
			buildPhases = (
				8B25549F1A80564600DDA2B2 /* Sources */,
				8B2554A01A80564600DDA2B2 /* Frameworks */,
				8B2554A11A80564600DDA2B2 /* Resources */,
			);
			buildRules = (
			);
			dependencies = (
				8B2554A51A80564600DDA2B2 /* PBXTargetDependency */,
			);
			name = TwitterDemoTests;
			productName = TwitterDemoTests;
			productReference = 8B2554A31A80564600DDA2B2 /* TwitterDemoTests.xctest */;
			productType = "com.apple.product-type.bundle.unit-test";
		};
/* End PBXNativeTarget section */

/* Begin PBXProject section */
		8B2554821A80564600DDA2B2 /* Project object */ = {
			isa = PBXProject;
			attributes = {
				LastUpgradeCheck = 0610;
				ORGANIZATIONNAME = "Yahoo!";
				TargetAttributes = {
					8B2554891A80564600DDA2B2 = {
						CreatedOnToolsVersion = 6.1.1;
					};
					8B2554A21A80564600DDA2B2 = {
						CreatedOnToolsVersion = 6.1.1;
						TestTargetID = 8B2554891A80564600DDA2B2;
					};
				};
			};
			buildConfigurationList = 8B2554851A80564600DDA2B2 /* Build configuration list for PBXProject "TwitterDemo" */;
			compatibilityVersion = "Xcode 3.2";
			developmentRegion = English;
			hasScannedForEncodings = 0;
			knownRegions = (
				en,
				Base,
			);
			mainGroup = 8B2554811A80564600DDA2B2;
			productRefGroup = 8B25548B1A80564600DDA2B2 /* Products */;
			projectDirPath = "";
			projectRoot = "";
			targets = (
				8B2554891A80564600DDA2B2 /* TwitterDemo */,
				8B2554A21A80564600DDA2B2 /* TwitterDemoTests */,
			);
		};
/* End PBXProject section */

/* Begin PBXResourcesBuildPhase section */
		8B2554881A80564600DDA2B2 /* Resources */ = {
			isa = PBXResourcesBuildPhase;
			buildActionMask = 2147483647;
			files = (
				D527A8D0995CE920EFCF6756 /* Images.xcassets in Resources */,
				8B2555101A86DBD300DDA2B2 /* ComposeViewController.xib in Resources */,
				8B25550B1A86AD6D00DDA2B2 /* TweetCell.xib in Resources */,
				D527AE9224A12694833E297F /* LaunchScreen.xib in Resources */,
				D527AAD3228E8D027D5B5811 /* LoginViewController.xib in Resources */,
				D527AF9FF8C02F7A4C39EE82 /* TweetsViewController.xib in Resources */,
			);
			runOnlyForDeploymentPostprocessing = 0;
		};
		8B2554A11A80564600DDA2B2 /* Resources */ = {
			isa = PBXResourcesBuildPhase;
			buildActionMask = 2147483647;
			files = (
			);
			runOnlyForDeploymentPostprocessing = 0;
		};
/* End PBXResourcesBuildPhase section */

/* Begin PBXShellScriptBuildPhase section */
		06E4D58B41779D01573ABA37 /* Copy Pods Resources */ = {
			isa = PBXShellScriptBuildPhase;
			buildActionMask = 2147483647;
			files = (
			);
			inputPaths = (
			);
			name = "Copy Pods Resources";
			outputPaths = (
			);
			runOnlyForDeploymentPostprocessing = 0;
			shellPath = /bin/sh;
			shellScript = "\"${SRCROOT}/Pods/Target Support Files/Pods/Pods-resources.sh\"\n";
			showEnvVarsInLog = 0;
		};
		B06CC69271FFDFCDAD473959 /* Check Pods Manifest.lock */ = {
			isa = PBXShellScriptBuildPhase;
			buildActionMask = 2147483647;
			files = (
			);
			inputPaths = (
			);
			name = "Check Pods Manifest.lock";
			outputPaths = (
			);
			runOnlyForDeploymentPostprocessing = 0;
			shellPath = /bin/sh;
			shellScript = "diff \"${PODS_ROOT}/../Podfile.lock\" \"${PODS_ROOT}/Manifest.lock\" > /dev/null\nif [[ $? != 0 ]] ; then\n    cat << EOM\nerror: The sandbox is not in sync with the Podfile.lock. Run 'pod install' or update your CocoaPods installation.\nEOM\n    exit 1\nfi\n";
			showEnvVarsInLog = 0;
		};
/* End PBXShellScriptBuildPhase section */

/* Begin PBXSourcesBuildPhase section */
		8B2554861A80564600DDA2B2 /* Sources */ = {
			isa = PBXSourcesBuildPhase;
			buildActionMask = 2147483647;
			files = (
				D527ACE38AB6BBE1D0ABAF2E /* AppDelegate.m in Sources */,
				D527A060275C09B4A49476BE /* main.m in Sources */,
				D527A66CCF8BACBDE84CF47A /* LoginViewController.m in Sources */,
				8B25550F1A86DBD300DDA2B2 /* ComposeViewController.m in Sources */,
				D527A4540CCF1BB629C2A8C3 /* TwitterClient.m in Sources */,
				D527A21E3FA45023FF334E7B /* Tweet.m in Sources */,
				D527AA93C0747BBD6791D31F /* User.m in Sources */,
				D527A350DB25141A16F93DBE /* TweetsViewController.m in Sources */,
				8B25550A1A86AD6D00DDA2B2 /* TweetCell.m in Sources */,
			);
			runOnlyForDeploymentPostprocessing = 0;
		};
		8B25549F1A80564600DDA2B2 /* Sources */ = {
			isa = PBXSourcesBuildPhase;
			buildActionMask = 2147483647;
			files = (
				8B2554AA1A80564600DDA2B2 /* TwitterDemoTests.m in Sources */,
			);
			runOnlyForDeploymentPostprocessing = 0;
		};
/* End PBXSourcesBuildPhase section */

/* Begin PBXTargetDependency section */
		8B2554A51A80564600DDA2B2 /* PBXTargetDependency */ = {
			isa = PBXTargetDependency;
			target = 8B2554891A80564600DDA2B2 /* TwitterDemo */;
			targetProxy = 8B2554A41A80564600DDA2B2 /* PBXContainerItemProxy */;
		};
/* End PBXTargetDependency section */

/* Begin PBXVariantGroup section */
		D527A8E36F0896F05909F1B0 /* LaunchScreen.xib */ = {
			isa = PBXVariantGroup;
			children = (
				D527A092494108F19C66C64B /* Base */,
			);
			name = LaunchScreen.xib;
			sourceTree = "<group>";
		};
/* End PBXVariantGroup section */

/* Begin XCBuildConfiguration section */
		8B2554AB1A80564600DDA2B2 /* Debug */ = {
			isa = XCBuildConfiguration;
			buildSettings = {
				ALWAYS_SEARCH_USER_PATHS = NO;
				CLANG_CXX_LANGUAGE_STANDARD = "gnu++0x";
				CLANG_CXX_LIBRARY = "libc++";
				CLANG_ENABLE_MODULES = YES;
				CLANG_ENABLE_OBJC_ARC = YES;
				CLANG_WARN_BOOL_CONVERSION = YES;
				CLANG_WARN_CONSTANT_CONVERSION = YES;
				CLANG_WARN_DIRECT_OBJC_ISA_USAGE = YES_ERROR;
				CLANG_WARN_EMPTY_BODY = YES;
				CLANG_WARN_ENUM_CONVERSION = YES;
				CLANG_WARN_INT_CONVERSION = YES;
				CLANG_WARN_OBJC_ROOT_CLASS = YES_ERROR;
				CLANG_WARN_UNREACHABLE_CODE = YES;
				CLANG_WARN__DUPLICATE_METHOD_MATCH = YES;
				"CODE_SIGN_IDENTITY[sdk=iphoneos*]" = "iPhone Developer";
				COPY_PHASE_STRIP = NO;
				ENABLE_STRICT_OBJC_MSGSEND = YES;
				GCC_C_LANGUAGE_STANDARD = gnu99;
				GCC_DYNAMIC_NO_PIC = NO;
				GCC_OPTIMIZATION_LEVEL = 0;
				GCC_PREPROCESSOR_DEFINITIONS = (
					"DEBUG=1",
					"$(inherited)",
				);
				GCC_SYMBOLS_PRIVATE_EXTERN = NO;
				GCC_WARN_64_TO_32_BIT_CONVERSION = YES;
				GCC_WARN_ABOUT_RETURN_TYPE = YES_ERROR;
				GCC_WARN_UNDECLARED_SELECTOR = YES;
				GCC_WARN_UNINITIALIZED_AUTOS = YES_AGGRESSIVE;
				GCC_WARN_UNUSED_FUNCTION = YES;
				GCC_WARN_UNUSED_VARIABLE = YES;
				IPHONEOS_DEPLOYMENT_TARGET = 8.1;
				MTL_ENABLE_DEBUG_INFO = YES;
				ONLY_ACTIVE_ARCH = YES;
				SDKROOT = iphoneos;
			};
			name = Debug;
		};
		8B2554AC1A80564600DDA2B2 /* Release */ = {
			isa = XCBuildConfiguration;
			buildSettings = {
				ALWAYS_SEARCH_USER_PATHS = NO;
				CLANG_CXX_LANGUAGE_STANDARD = "gnu++0x";
				CLANG_CXX_LIBRARY = "libc++";
				CLANG_ENABLE_MODULES = YES;
				CLANG_ENABLE_OBJC_ARC = YES;
				CLANG_WARN_BOOL_CONVERSION = YES;
				CLANG_WARN_CONSTANT_CONVERSION = YES;
				CLANG_WARN_DIRECT_OBJC_ISA_USAGE = YES_ERROR;
				CLANG_WARN_EMPTY_BODY = YES;
				CLANG_WARN_ENUM_CONVERSION = YES;
				CLANG_WARN_INT_CONVERSION = YES;
				CLANG_WARN_OBJC_ROOT_CLASS = YES_ERROR;
				CLANG_WARN_UNREACHABLE_CODE = YES;
				CLANG_WARN__DUPLICATE_METHOD_MATCH = YES;
				"CODE_SIGN_IDENTITY[sdk=iphoneos*]" = "iPhone Developer";
				COPY_PHASE_STRIP = YES;
				ENABLE_NS_ASSERTIONS = NO;
				ENABLE_STRICT_OBJC_MSGSEND = YES;
				GCC_C_LANGUAGE_STANDARD = gnu99;
				GCC_WARN_64_TO_32_BIT_CONVERSION = YES;
				GCC_WARN_ABOUT_RETURN_TYPE = YES_ERROR;
				GCC_WARN_UNDECLARED_SELECTOR = YES;
				GCC_WARN_UNINITIALIZED_AUTOS = YES_AGGRESSIVE;
				GCC_WARN_UNUSED_FUNCTION = YES;
				GCC_WARN_UNUSED_VARIABLE = YES;
				IPHONEOS_DEPLOYMENT_TARGET = 8.1;
				MTL_ENABLE_DEBUG_INFO = NO;
				SDKROOT = iphoneos;
				VALIDATE_PRODUCT = YES;
			};
			name = Release;
		};
		8B2554AE1A80564600DDA2B2 /* Debug */ = {
			isa = XCBuildConfiguration;
			baseConfigurationReference = A7D18626C6FC86FA99F0B58E /* Pods.debug.xcconfig */;
			buildSettings = {
				ASSETCATALOG_COMPILER_APPICON_NAME = AppIcon;
				INFOPLIST_FILE = TwitterDemo/Info.plist;
				LD_RUNPATH_SEARCH_PATHS = "$(inherited) @executable_path/Frameworks";
				PRODUCT_NAME = "$(TARGET_NAME)";
				USER_HEADER_SEARCH_PATHS = "\"${PROJECT_DIR}/Pods\"/**";
			};
			name = Debug;
		};
		8B2554AF1A80564600DDA2B2 /* Release */ = {
			isa = XCBuildConfiguration;
			baseConfigurationReference = AD045E7F966EB682E4279904 /* Pods.release.xcconfig */;
			buildSettings = {
				ASSETCATALOG_COMPILER_APPICON_NAME = AppIcon;
				INFOPLIST_FILE = TwitterDemo/Info.plist;
				LD_RUNPATH_SEARCH_PATHS = "$(inherited) @executable_path/Frameworks";
				PRODUCT_NAME = "$(TARGET_NAME)";
				USER_HEADER_SEARCH_PATHS = "\"${PROJECT_DIR}/Pods\"/**";
			};
			name = Release;
		};
		8B2554B11A80564600DDA2B2 /* Debug */ = {
			isa = XCBuildConfiguration;
			buildSettings = {
				BUNDLE_LOADER = "$(TEST_HOST)";
				FRAMEWORK_SEARCH_PATHS = (
					"$(SDKROOT)/Developer/Library/Frameworks",
					"$(inherited)",
				);
				GCC_PREPROCESSOR_DEFINITIONS = (
					"DEBUG=1",
					"$(inherited)",
				);
				INFOPLIST_FILE = TwitterDemoTests/Info.plist;
				LD_RUNPATH_SEARCH_PATHS = "$(inherited) @executable_path/Frameworks @loader_path/Frameworks";
				PRODUCT_NAME = "$(TARGET_NAME)";
				TEST_HOST = "$(BUILT_PRODUCTS_DIR)/TwitterDemo.app/TwitterDemo";
			};
			name = Debug;
		};
		8B2554B21A80564600DDA2B2 /* Release */ = {
			isa = XCBuildConfiguration;
			buildSettings = {
				BUNDLE_LOADER = "$(TEST_HOST)";
				FRAMEWORK_SEARCH_PATHS = (
					"$(SDKROOT)/Developer/Library/Frameworks",
					"$(inherited)",
				);
				INFOPLIST_FILE = TwitterDemoTests/Info.plist;
				LD_RUNPATH_SEARCH_PATHS = "$(inherited) @executable_path/Frameworks @loader_path/Frameworks";
				PRODUCT_NAME = "$(TARGET_NAME)";
				TEST_HOST = "$(BUILT_PRODUCTS_DIR)/TwitterDemo.app/TwitterDemo";
			};
			name = Release;
		};
/* End XCBuildConfiguration section */

/* Begin XCConfigurationList section */
		8B2554851A80564600DDA2B2 /* Build configuration list for PBXProject "TwitterDemo" */ = {
			isa = XCConfigurationList;
			buildConfigurations = (
				8B2554AB1A80564600DDA2B2 /* Debug */,
				8B2554AC1A80564600DDA2B2 /* Release */,
			);
			defaultConfigurationIsVisible = 0;
			defaultConfigurationName = Release;
		};
		8B2554AD1A80564600DDA2B2 /* Build configuration list for PBXNativeTarget "TwitterDemo" */ = {
			isa = XCConfigurationList;
			buildConfigurations = (
				8B2554AE1A80564600DDA2B2 /* Debug */,
				8B2554AF1A80564600DDA2B2 /* Release */,
			);
			defaultConfigurationIsVisible = 0;
			defaultConfigurationName = Release;
		};
		8B2554B01A80564600DDA2B2 /* Build configuration list for PBXNativeTarget "TwitterDemoTests" */ = {
			isa = XCConfigurationList;
			buildConfigurations = (
				8B2554B11A80564600DDA2B2 /* Debug */,
				8B2554B21A80564600DDA2B2 /* Release */,
			);
			defaultConfigurationIsVisible = 0;
			defaultConfigurationName = Release;
		};
/* End XCConfigurationList section */
	};
	rootObject = 8B2554821A80564600DDA2B2 /* Project object */;
}
